
Microsoft Visual Studio Solution File, Format Version 12.00
# Visual Studio 15
VisualStudioVersion = 15.0.28307.168
MinimumVisualStudioVersion = 10.0.40219.1
Project("{FAE04EC0-301F-11D3-BF4B-00C04F79EFBC}") = "Socket_Tcp_聊天室_Server", "Socket_Tcp_聊天室_Server\Socket_Tcp_聊天室_Server.csproj", "{A7E7E8F7-4FDB-4CC5-8B46-C7778710D2E4}"
EndProject
Global
	GlobalSection(SolutionConfigurationPlatforms) = preSolution
		Debug|Any CPU = Debug|Any CPU
		Release|Any CPU = Release|Any CPU
	EndGlobalSection
	GlobalSection(ProjectConfigurationPlatforms) = postSolution
		{A7E7E8F7-4FDB-4CC5-8B46-C7778710D2E4}.Debug|Any CPU.ActiveCfg = Debug|Any CPU
		{A7E7E8F7-4FDB-4CC5-8B46-C7778710D2E4}.Debug|Any CPU.Build.0 = Debug|Any CPU
		{A7E7E8F7-4FDB-4CC5-8B46-C7778710D2E4}.Release|Any CPU.ActiveCfg = Release|Any CPU
		{A7E7E8F7-4FDB-4CC5-8B46-C7778710D2E4}.Release|Any CPU.Build.0 = Release|Any CPU
	EndGlobalSection
	GlobalSection(SolutionProperties) = preSolution
		HideSolutionNode = FALSE
	EndGlobalSection
	GlobalSection(ExtensibilityGlobals) = postSolution
		SolutionGuid = {1FF1C3D6-1912-48E0-9282-986E9ED3689E}
	EndGlobalSection
EndGlobal
